
Microsoft Visual Studio Solution File, Format Version 12.00
# Visual Studio 15
VisualStudioVersion = 15.0.28307.705
MinimumVisualStudioVersion = 10.0.40219.1
Project("{FAE04EC0-301F-11D3-BF4B-00C04F79EFBC}") = "ERPSolutions_EF", "ERPSolutions_EF\ERPSolutions_EF.csproj", "{BF4E94B9-C2F0-431C-BEB1-F3DF03F493AF}"
EndProject
Project("{FAE04EC0-301F-11D3-BF4B-00C04F79EFBC}") = "TicketReminder", "TicketReminder\TicketReminder.csproj", "{87646DF3-6E21-4D74-B628-0BF8CC11565C}"
EndProject
Global
	GlobalSection(SolutionConfigurationPlatforms) = preSolution
		Debug|Any CPU = Debug|Any CPU
		Release|Any CPU = Release|Any CPU
	EndGlobalSection
	GlobalSection(ProjectConfigurationPlatforms) = postSolution
		{BF4E94B9-C2F0-431C-BEB1-F3DF03F493AF}.Debug|Any CPU.ActiveCfg = Debug|Any CPU
		{BF4E94B9-C2F0-431C-BEB1-F3DF03F493AF}.Debug|Any CPU.Build.0 = Debug|Any CPU
		{BF4E94B9-C2F0-431C-BEB1-F3DF03F493AF}.Release|Any CPU.ActiveCfg = Release|Any CPU
		{BF4E94B9-C2F0-431C-BEB1-F3DF03F493AF}.Release|Any CPU.Build.0 = Release|Any CPU
		{87646DF3-6E21-4D74-B628-0BF8CC11565C}.Debug|Any CPU.ActiveCfg = Debug|Any CPU
		{87646DF3-6E21-4D74-B628-0BF8CC11565C}.Debug|Any CPU.Build.0 = Debug|Any CPU
		{87646DF3-6E21-4D74-B628-0BF8CC11565C}.Release|Any CPU.ActiveCfg = Release|Any CPU
		{87646DF3-6E21-4D74-B628-0BF8CC11565C}.Release|Any CPU.Build.0 = Release|Any CPU
	EndGlobalSection
	GlobalSection(SolutionProperties) = preSolution
		HideSolutionNode = FALSE
	EndGlobalSection
	GlobalSection(ExtensibilityGlobals) = postSolution
		SolutionGuid = {70FEB639-8563-46B8-8102-EEE2189E6F9B}
	EndGlobalSection
EndGlobal
